// !$*UTF8*$!
{
	archiveVersion = 1;
	classes = {
	};
	objectVersion = 46;
	objects = {

/* Begin PBXBuildFile section */
		D84ED0571416D17F00AD4737 /* PonyExpress.framework in Copy Frameworks */ = {isa = PBXBuildFile; fileRef = D8A11AB81416D13100AA3713 /* PonyExpress.framework */; };
		D84ED0611416DD7300AD4737 /* Localizable.strings in Resources */ = {isa = PBXBuildFile; fileRef = D84ED0601416DD7300AD4737 /* Localizable.strings */; };
		D84ED09414183AA100AD4737 /* Settings.xib in Resources */ = {isa = PBXBuildFile; fileRef = D84ED09314183AA100AD4737 /* Settings.xib */; };
		D8A11AC01416D14800AA3713 /* PonyExpress.framework in Frameworks */ = {isa = PBXBuildFile; fileRef = D8A11AB81416D13100AA3713 /* PonyExpress.framework */; };
		D8BA3B5F1416A4520076037F /* Quartz.framework in Frameworks */ = {isa = PBXBuildFile; fileRef = D8BA3B5E1416A4520076037F /* Quartz.framework */; };
		D8BA3B6B1416A4520076037F /* InfoPlist.strings in Resources */ = {isa = PBXBuildFile; fileRef = D8BA3B691416A4520076037F /* InfoPlist.strings */; };
		D8BA3B6E1416A4520076037F /* WBOSCSenderPlugIn.m in Sources */ = {isa = PBXBuildFile; fileRef = D8BA3B6D1416A4520076037F /* WBOSCSenderPlugIn.m */; };
		D8BA3B851416A7100076037F /* Foundation.framework in Frameworks */ = {isa = PBXBuildFile; fileRef = D8BA3B631416A4520076037F /* Foundation.framework */; };
/* End PBXBuildFile section */

/* Begin PBXContainerItemProxy section */
		D8A11AB71416D13100AA3713 /* PBXContainerItemProxy */ = {
			isa = PBXContainerItemProxy;
			containerPortal = D8A11AAD1416D13100AA3713 /* PonyExpress.xcodeproj */;
			proxyType = 2;
			remoteGlobalIDString = D83E1B5C1411528100CB1258;
			remoteInfo = PonyExpress;
		};
		D8A11AB91416D13100AA3713 /* PBXContainerItemProxy */ = {
			isa = PBXContainerItemProxy;
			containerPortal = D8A11AAD1416D13100AA3713 /* PonyExpress.xcodeproj */;
			proxyType = 2;
			remoteGlobalIDString = D83E1B741411528100CB1258;
			remoteInfo = PonyExpressTests;
		};
		D8A11ABB1416D13100AA3713 /* PBXContainerItemProxy */ = {
			isa = PBXContainerItemProxy;
			containerPortal = D8A11AAD1416D13100AA3713 /* PonyExpress.xcodeproj */;
			proxyType = 2;
			remoteGlobalIDString = D83E1BD71412F87A00CB1258;
			remoteInfo = OrphanExample;
		};
		D8A11ABE1416D13F00AA3713 /* PBXContainerItemProxy */ = {
			isa = PBXContainerItemProxy;
			containerPortal = D8A11AAD1416D13100AA3713 /* PonyExpress.xcodeproj */;
			proxyType = 1;
			remoteGlobalIDString = D83E1B5B1411528100CB1258;
			remoteInfo = PonyExpress;
		};
/* End PBXContainerItemProxy section */

/* Begin PBXCopyFilesBuildPhase section */
		D8A11AC11416D15600AA3713 /* Copy Frameworks */ = {
			isa = PBXCopyFilesBuildPhase;
			buildActionMask = 2147483647;
			dstPath = "";
			dstSubfolderSpec = 10;
			files = (
				D84ED0571416D17F00AD4737 /* PonyExpress.framework in Copy Frameworks */,
			);
			name = "Copy Frameworks";
			runOnlyForDeploymentPostprocessing = 0;
		};
/* End PBXCopyFilesBuildPhase section */

/* Begin PBXFileReference section */
		D84ED05C1416DA7600AD4737 /* WildBunch.h */ = {isa = PBXFileReference; fileEncoding = 4; lastKnownFileType = sourcecode.c.h; path = WildBunch.h; sourceTree = "<group>"; };
		D84ED0601416DD7300AD4737 /* Localizable.strings */ = {isa = PBXFileReference; fileEncoding = 4; lastKnownFileType = text.plist.strings; path = Localizable.strings; sourceTree = "<group>"; };
		D84ED0621416E7CB00AD4737 /* CHANGELOG */ = {isa = PBXFileReference; lastKnownFileType = text; path = CHANGELOG; sourceTree = SOURCE_ROOT; };
		D84ED0631416E7CB00AD4737 /* Rakefile */ = {isa = PBXFileReference; lastKnownFileType = text; path = Rakefile; sourceTree = SOURCE_ROOT; };
		D84ED0641416E7CB00AD4737 /* README.markdown */ = {isa = PBXFileReference; lastKnownFileType = text; path = README.markdown; sourceTree = SOURCE_ROOT; };
		D84ED0651416E7CB00AD4737 /* TODO */ = {isa = PBXFileReference; lastKnownFileType = text; path = TODO; sourceTree = SOURCE_ROOT; };
		D84ED09314183AA100AD4737 /* Settings.xib */ = {isa = PBXFileReference; fileEncoding = 4; lastKnownFileType = file.xib; path = Settings.xib; sourceTree = "<group>"; };
		D8A11AAD1416D13100AA3713 /* PonyExpress.xcodeproj */ = {isa = PBXFileReference; lastKnownFileType = "wrapper.pb-project"; name = PonyExpress.xcodeproj; path = vendor/PonyExpress/PonyExpress.xcodeproj; sourceTree = "<group>"; };
		D8BA3B591416A4520076037F /* WildBunch.plugin */ = {isa = PBXFileReference; explicitFileType = wrapper.cfbundle; includeInIndex = 0; path = WildBunch.plugin; sourceTree = BUILT_PRODUCTS_DIR; };
		D8BA3B5E1416A4520076037F /* Quartz.framework */ = {isa = PBXFileReference; lastKnownFileType = wrapper.framework; name = Quartz.framework; path = System/Library/Frameworks/Quartz.framework; sourceTree = SDKROOT; };
		D8BA3B611416A4520076037F /* AppKit.framework */ = {isa = PBXFileReference; lastKnownFileType = wrapper.framework; name = AppKit.framework; path = System/Library/Frameworks/AppKit.framework; sourceTree = SDKROOT; };
		D8BA3B631416A4520076037F /* Foundation.framework */ = {isa = PBXFileReference; lastKnownFileType = wrapper.framework; name = Foundation.framework; path = System/Library/Frameworks/Foundation.framework; sourceTree = SDKROOT; };
		D8BA3B681416A4520076037F /* WildBunch-Info.plist */ = {isa = PBXFileReference; lastKnownFileType = text.plist.xml; path = "WildBunch-Info.plist"; sourceTree = "<group>"; };
		D8BA3B6A1416A4520076037F /* en */ = {isa = PBXFileReference; lastKnownFileType = text.plist.strings; name = en; path = en.lproj/InfoPlist.strings; sourceTree = "<group>"; };
		D8BA3B6C1416A4520076037F /* WBOSCSenderPlugIn.h */ = {isa = PBXFileReference; lastKnownFileType = sourcecode.c.h; path = WBOSCSenderPlugIn.h; sourceTree = "<group>"; };
		D8BA3B6D1416A4520076037F /* WBOSCSenderPlugIn.m */ = {isa = PBXFileReference; lastKnownFileType = sourcecode.c.objc; path = WBOSCSenderPlugIn.m; sourceTree = "<group>"; };
		D8BA3B6F1416A4520076037F /* WildBunch-Prefix.pch */ = {isa = PBXFileReference; lastKnownFileType = sourcecode.c.h; path = "WildBunch-Prefix.pch"; sourceTree = "<group>"; };
/* End PBXFileReference section */

/* Begin PBXFrameworksBuildPhase section */
		D8BA3B551416A4520076037F /* Frameworks */ = {
			isa = PBXFrameworksBuildPhase;
			buildActionMask = 2147483647;
			files = (
				D8BA3B5F1416A4520076037F /* Quartz.framework in Frameworks */,
				D8BA3B851416A7100076037F /* Foundation.framework in Frameworks */,
				D8A11AC01416D14800AA3713 /* PonyExpress.framework in Frameworks */,
			);
			runOnlyForDeploymentPostprocessing = 0;
		};
/* End PBXFrameworksBuildPhase section */

/* Begin PBXGroup section */
		D8A11AAE1416D13100AA3713 /* Products */ = {
			isa = PBXGroup;
			children = (
				D8A11AB81416D13100AA3713 /* PonyExpress.framework */,
				D8A11ABA1416D13100AA3713 /* PonyExpressTests.octest */,
				D8A11ABC1416D13100AA3713 /* OrphanExample */,
			);
			name = Products;
			sourceTree = "<group>";
		};
		D8BA3B4D1416A4520076037F = {
			isa = PBXGroup;
			children = (
				D8A11AAD1416D13100AA3713 /* PonyExpress.xcodeproj */,
				D8BA3B661416A4520076037F /* WildBunch */,
				D8BA3B5B1416A4520076037F /* Frameworks */,
				D8BA3B5A1416A4520076037F /* Products */,
			);
			sourceTree = "<group>";
		};
		D8BA3B5A1416A4520076037F /* Products */ = {
			isa = PBXGroup;
			children = (
				D8BA3B591416A4520076037F /* WildBunch.plugin */,
			);
			name = Products;
			sourceTree = "<group>";
		};
		D8BA3B5B1416A4520076037F /* Frameworks */ = {
			isa = PBXGroup;
			children = (
				D8BA3B5E1416A4520076037F /* Quartz.framework */,
				D8BA3B601416A4520076037F /* Other Frameworks */,
			);
			name = Frameworks;
			sourceTree = "<group>";
		};
		D8BA3B601416A4520076037F /* Other Frameworks */ = {
			isa = PBXGroup;
			children = (
				D8BA3B611416A4520076037F /* AppKit.framework */,
				D8BA3B631416A4520076037F /* Foundation.framework */,
			);
			name = "Other Frameworks";
			sourceTree = "<group>";
		};
		D8BA3B661416A4520076037F /* WildBunch */ = {
			isa = PBXGroup;
			children = (
				D84ED05C1416DA7600AD4737 /* WildBunch.h */,
				D8BA3B6C1416A4520076037F /* WBOSCSenderPlugIn.h */,
				D8BA3B6D1416A4520076037F /* WBOSCSenderPlugIn.m */,
				D8BA3B671416A4520076037F /* Supporting Files */,
				D84ED0641416E7CB00AD4737 /* README.markdown */,
				D84ED0621416E7CB00AD4737 /* CHANGELOG */,
				D84ED0651416E7CB00AD4737 /* TODO */,
				D84ED0631416E7CB00AD4737 /* Rakefile */,
			);
			path = WildBunch;
			sourceTree = "<group>";
		};
		D8BA3B671416A4520076037F /* Supporting Files */ = {
			isa = PBXGroup;
			children = (
				D8BA3B681416A4520076037F /* WildBunch-Info.plist */,
				D8BA3B691416A4520076037F /* InfoPlist.strings */,
				D8BA3B6F1416A4520076037F /* WildBunch-Prefix.pch */,
				D84ED0601416DD7300AD4737 /* Localizable.strings */,
				D84ED09314183AA100AD4737 /* Settings.xib */,
			);
			name = "Supporting Files";
			sourceTree = "<group>";
		};
/* End PBXGroup section */

/* Begin PBXNativeTarget section */
		D8BA3B581416A4520076037F /* WildBunch */ = {
			isa = PBXNativeTarget;
			buildConfigurationList = D8BA3B721416A4520076037F /* Build configuration list for PBXNativeTarget "WildBunch" */;
			buildPhases = (
				D8BA3B541416A4520076037F /* Sources */,
				D8BA3B551416A4520076037F /* Frameworks */,
				D8BA3B561416A4520076037F /* Resources */,
				D8A11AC11416D15600AA3713 /* Copy Frameworks */,
				D8BA3B841416A63A0076037F /* Update Info.plist With git Info */,
				D8BA3B571416A4520076037F /* Copy Plug-In Into Place */,
			);
			buildRules = (
			);
			dependencies = (
				D8A11ABF1416D13F00AA3713 /* PBXTargetDependency */,
			);
			name = WildBunch;
			productName = WildBunch;
			productReference = D8BA3B591416A4520076037F /* WildBunch.plugin */;
			productType = "com.apple.product-type.bundle";
		};
/* End PBXNativeTarget section */

/* Begin PBXProject section */
		D8BA3B4F1416A4520076037F /* Project object */ = {
			isa = PBXProject;
			attributes = {
				LastUpgradeCheck = 0420;
				ORGANIZATIONNAME = "Chorded Constructions";
			};
			buildConfigurationList = D8BA3B521416A4520076037F /* Build configuration list for PBXProject "WildBunch" */;
			compatibilityVersion = "Xcode 3.2";
			developmentRegion = English;
			hasScannedForEncodings = 0;
			knownRegions = (
				en,
			);
			mainGroup = D8BA3B4D1416A4520076037F;
			productRefGroup = D8BA3B5A1416A4520076037F /* Products */;
			projectDirPath = "";
			projectReferences = (
				{
					ProductGroup = D8A11AAE1416D13100AA3713 /* Products */;
					ProjectRef = D8A11AAD1416D13100AA3713 /* PonyExpress.xcodeproj */;
				},
			);
			projectRoot = "";
			targets = (
				D8BA3B581416A4520076037F /* WildBunch */,
			);
		};
/* End PBXProject section */

/* Begin PBXReferenceProxy section */
		D8A11AB81416D13100AA3713 /* PonyExpress.framework */ = {
			isa = PBXReferenceProxy;
			fileType = wrapper.framework;
			path = PonyExpress.framework;
			remoteRef = D8A11AB71416D13100AA3713 /* PBXContainerItemProxy */;
			sourceTree = BUILT_PRODUCTS_DIR;
		};
		D8A11ABA1416D13100AA3713 /* PonyExpressTests.octest */ = {
			isa = PBXReferenceProxy;
			fileType = wrapper.cfbundle;
			path = PonyExpressTests.octest;
			remoteRef = D8A11AB91416D13100AA3713 /* PBXContainerItemProxy */;
			sourceTree = BUILT_PRODUCTS_DIR;
		};
		D8A11ABC1416D13100AA3713 /* OrphanExample */ = {
			isa = PBXReferenceProxy;
			fileType = "compiled.mach-o.executable";
			path = OrphanExample;
			remoteRef = D8A11ABB1416D13100AA3713 /* PBXContainerItemProxy */;
			sourceTree = BUILT_PRODUCTS_DIR;
		};
/* End PBXReferenceProxy section */

/* Begin PBXResourcesBuildPhase section */
		D8BA3B561416A4520076037F /* Resources */ = {
			isa = PBXResourcesBuildPhase;
			buildActionMask = 2147483647;
			files = (
				D8BA3B6B1416A4520076037F /* InfoPlist.strings in Resources */,
				D84ED0611416DD7300AD4737 /* Localizable.strings in Resources */,
				D84ED09414183AA100AD4737 /* Settings.xib in Resources */,
			);
			runOnlyForDeploymentPostprocessing = 0;
		};
/* End PBXResourcesBuildPhase section */

/* Begin PBXShellScriptBuildPhase section */
		D8BA3B571416A4520076037F /* Copy Plug-In Into Place */ = {
			isa = PBXShellScriptBuildPhase;
			buildActionMask = 2147483647;
			files = (
			);
			inputPaths = (
			);
			name = "Copy Plug-In Into Place";
			outputPaths = (
			);
			runOnlyForDeploymentPostprocessing = 0;
			shellPath = /bin/sh;
			shellScript = "# This shell script simply copies the built plug-in to \"~/Library/Graphics/Quartz Composer Plug-Ins\" and overrides any previous version at that location\n\nmkdir -p \"$USER_LIBRARY_DIR/Graphics/Quartz Composer Plug-Ins\"\nrm -rf \"$USER_LIBRARY_DIR/Graphics/Quartz Composer Plug-Ins/WildBunch.plugin\"\nditto \"$BUILT_PRODUCTS_DIR/WildBunch.plugin\" \"$USER_LIBRARY_DIR/Graphics/Quartz Composer Plug-Ins/WildBunch.plugin\"\n";
		};
		D8BA3B841416A63A0076037F /* Update Info.plist With git Info */ = {
			isa = PBXShellScriptBuildPhase;
			buildActionMask = 2147483647;
			files = (
			);
			inputPaths = (
			);
			name = "Update Info.plist With git Info";
			outputPaths = (
			);
			runOnlyForDeploymentPostprocessing = 0;
			shellPath = /bin/sh;
			shellScript = "/usr/local/bin/macrake update_bundle_version\n";
		};
/* End PBXShellScriptBuildPhase section */

/* Begin PBXSourcesBuildPhase section */
		D8BA3B541416A4520076037F /* Sources */ = {
			isa = PBXSourcesBuildPhase;
			buildActionMask = 2147483647;
			files = (
				D8BA3B6E1416A4520076037F /* WBOSCSenderPlugIn.m in Sources */,
			);
			runOnlyForDeploymentPostprocessing = 0;
		};
/* End PBXSourcesBuildPhase section */

/* Begin PBXTargetDependency section */
		D8A11ABF1416D13F00AA3713 /* PBXTargetDependency */ = {
			isa = PBXTargetDependency;
			name = PonyExpress;
			targetProxy = D8A11ABE1416D13F00AA3713 /* PBXContainerItemProxy */;
		};
/* End PBXTargetDependency section */

/* Begin PBXVariantGroup section */
		D8BA3B691416A4520076037F /* InfoPlist.strings */ = {
			isa = PBXVariantGroup;
			children = (
				D8BA3B6A1416A4520076037F /* en */,
			);
			name = InfoPlist.strings;
			sourceTree = "<group>";
		};
/* End PBXVariantGroup section */

/* Begin XCBuildConfiguration section */
		D8BA3B701416A4520076037F /* Debug */ = {
			isa = XCBuildConfiguration;
			buildSettings = {
				ALWAYS_SEARCH_USER_PATHS = NO;
				ARCHS = "$(ARCHS_STANDARD_64_BIT)";
				CLANG_ENABLE_OBJC_ARC = YES;
				COPY_PHASE_STRIP = NO;
				GCC_C_LANGUAGE_STANDARD = gnu99;
				GCC_DYNAMIC_NO_PIC = NO;
				GCC_ENABLE_OBJC_EXCEPTIONS = YES;
				GCC_OPTIMIZATION_LEVEL = 0;
				GCC_PREPROCESSOR_DEFINITIONS = (
					DEBUG,
					"$(inherited)",
				);
				GCC_SYMBOLS_PRIVATE_EXTERN = NO;
				GCC_TREAT_WARNINGS_AS_ERRORS = YES;
				GCC_VERSION = com.apple.compilers.llvm.clang.1_0;
				GCC_WARN_64_TO_32_BIT_CONVERSION = YES;
				GCC_WARN_ABOUT_MISSING_PROTOTYPES = YES;
				GCC_WARN_ABOUT_RETURN_TYPE = YES;
				GCC_WARN_UNUSED_VARIABLE = YES;
				MACOSX_DEPLOYMENT_TARGET = 10.7;
				ONLY_ACTIVE_ARCH = YES;
				RUN_CLANG_STATIC_ANALYZER = YES;
				SDKROOT = macosx;
				WARNING_CFLAGS = "-Wall";
			};
			name = Debug;
		};
		D8BA3B711416A4520076037F /* Release */ = {
			isa = XCBuildConfiguration;
			buildSettings = {
				ALWAYS_SEARCH_USER_PATHS = NO;
				ARCHS = "$(ARCHS_STANDARD_64_BIT)";
				CLANG_ENABLE_OBJC_ARC = YES;
				COPY_PHASE_STRIP = YES;
				DEBUG_INFORMATION_FORMAT = "dwarf-with-dsym";
				GCC_C_LANGUAGE_STANDARD = gnu99;
				GCC_ENABLE_OBJC_EXCEPTIONS = YES;
				GCC_TREAT_WARNINGS_AS_ERRORS = YES;
				GCC_VERSION = com.apple.compilers.llvm.clang.1_0;
				GCC_WARN_64_TO_32_BIT_CONVERSION = YES;
				GCC_WARN_ABOUT_MISSING_PROTOTYPES = YES;
				GCC_WARN_ABOUT_RETURN_TYPE = YES;
				GCC_WARN_UNUSED_VARIABLE = YES;
				MACOSX_DEPLOYMENT_TARGET = 10.7;
				RUN_CLANG_STATIC_ANALYZER = YES;
				SDKROOT = macosx;
				WARNING_CFLAGS = "-Wall";
			};
			name = Release;
		};
		D8BA3B731416A4520076037F /* Debug */ = {
			isa = XCBuildConfiguration;
			buildSettings = {
				GCC_PRECOMPILE_PREFIX_HEADER = YES;
				GCC_PREFIX_HEADER = "WildBunch/WildBunch-Prefix.pch";
				INFOPLIST_FILE = "WildBunch/WildBunch-Info.plist";
				INSTALL_PATH = "$(HOME)/Library/Graphics/Quartz Composer Plug-Ins";
				LD_RUNPATH_SEARCH_PATHS = "@loader_path/../Frameworks";
				PRODUCT_NAME = "$(TARGET_NAME)";
				WRAPPER_EXTENSION = plugin;
			};
			name = Debug;
		};
		D8BA3B741416A4520076037F /* Release */ = {
			isa = XCBuildConfiguration;
			buildSettings = {
				GCC_PRECOMPILE_PREFIX_HEADER = YES;
				GCC_PREFIX_HEADER = "WildBunch/WildBunch-Prefix.pch";
				INFOPLIST_FILE = "WildBunch/WildBunch-Info.plist";
				INSTALL_PATH = "$(HOME)/Library/Graphics/Quartz Composer Plug-Ins";
				LD_RUNPATH_SEARCH_PATHS = "@loader_path/../Frameworks";
				PRODUCT_NAME = "$(TARGET_NAME)";
				WRAPPER_EXTENSION = plugin;
			};
			name = Release;
		};
/* End XCBuildConfiguration section */

/* Begin XCConfigurationList section */
		D8BA3B521416A4520076037F /* Build configuration list for PBXProject "WildBunch" */ = {
			isa = XCConfigurationList;
			buildConfigurations = (
				D8BA3B701416A4520076037F /* Debug */,
				D8BA3B711416A4520076037F /* Release */,
			);
			defaultConfigurationIsVisible = 0;
			defaultConfigurationName = Release;
		};
		D8BA3B721416A4520076037F /* Build configuration list for PBXNativeTarget "WildBunch" */ = {
			isa = XCConfigurationList;
			buildConfigurations = (
				D8BA3B731416A4520076037F /* Debug */,
				D8BA3B741416A4520076037F /* Release */,
			);
			defaultConfigurationIsVisible = 0;
			defaultConfigurationName = Release;
		};
/* End XCConfigurationList section */
	};
	rootObject = D8BA3B4F1416A4520076037F /* Project object */;
}
